
Microsoft Visual Studio Solution File, Format Version 12.00
# Visual Studio Version 16
VisualStudioVersion = 16.0.31112.23
MinimumVisualStudioVersion = 10.0.40219.1
Project("{FAE04EC0-301F-11D3-BF4B-00C04F79EFBC}") = "bronzetti.christian.4H.XamAzureApi", "bronzetti.christian.4H.XamAzureApi\bronzetti.christian.4H.XamAzureApi.csproj", "{EBCA708A-514C-42BD-825F-07287B62A10C}"
EndProject
Global
	GlobalSection(SolutionConfigurationPlatforms) = preSolution
		Debug|Any CPU = Debug|Any CPU
		Release|Any CPU = Release|Any CPU
	EndGlobalSection
	GlobalSection(ProjectConfigurationPlatforms) = postSolution
		{EBCA708A-514C-42BD-825F-07287B62A10C}.Debug|Any CPU.ActiveCfg = Debug|Any CPU
		{EBCA708A-514C-42BD-825F-07287B62A10C}.Debug|Any CPU.Build.0 = Debug|Any CPU
		{EBCA708A-514C-42BD-825F-07287B62A10C}.Release|Any CPU.ActiveCfg = Release|Any CPU
		{EBCA708A-514C-42BD-825F-07287B62A10C}.Release|Any CPU.Build.0 = Release|Any CPU
	EndGlobalSection
	GlobalSection(SolutionProperties) = preSolution
		HideSolutionNode = FALSE
	EndGlobalSection
	GlobalSection(ExtensibilityGlobals) = postSolution
		SolutionGuid = {9CF23CF1-6F80-4079-9CA7-7B3EA35E98B2}
	EndGlobalSection
EndGlobal
